<?xml version="1.0" encoding="utf-8"?>
<Project ToolsVersion="4.0" xmlns="http://schemas.microsoft.com/developer/msbuild/2003">
  <ItemGroup>
    <Filter Include="Win32">
      <UniqueIdentifier>{b19d03f9-7454-4ce1-8eeb-86760f97eea1}</UniqueIdentifier>
    </Filter>
    <Filter Include="Common">
      <UniqueIdentifier>{bc52a0a7-36c5-464f-9348-d50b2666bcb6}</UniqueIdentifier>
    </Filter>
  </ItemGroup>
  <ItemGroup>
    <ClCompile Include="Source\Win32\esUtil_TGA.c">
      <Filter>Win32</Filter>
    </ClCompile>
    <ClCompile Include="Source\Win32\esUtil_win32.c">
      <Filter>Win32</Filter>
    </ClCompile>
    <ClCompile Include="Source\esShader.c">
      <Filter>Common</Filter>
    </ClCompile>
    <ClCompile Include="Source\esShapes.c">
      <Filter>Common</Filter>
    </ClCompile>
    <ClCompile Include="Source\esTransform.c">
      <Filter>Common</Filter>
    </ClCompile>
    <ClCompile Include="Source\esUtil.c">
      <Filter>Common</Filter>
    </ClCompile>
  </ItemGroup>
  <ItemGroup>
    <ClInclude Include="Include\esUtil_win.h">
      <Filter>Win32</Filter>
    </ClInclude>
    <ClInclude Include="Include\esUtil.h">
      <Filter>Common</Filter>
    </ClInclude>
  </ItemGroup>
</Project>